// !$*UTF8*$!
{
	archiveVersion = 1;
	classes = {
	};
	objectVersion = 50;
	objects = {

/* Begin PBXAggregateTarget section */
		E928E3F2261D4EA4006C6A0D /* KSCircleProgressViewFrameworkXmaker */ = {
			isa = PBXAggregateTarget;
			buildConfigurationList = E928E3F3261D4EA4006C6A0D /* Build configuration list for PBXAggregateTarget "KSCircleProgressViewFrameworkXmaker" */;
			buildPhases = (
				E928E3F6261D4EDE006C6A0D /* ShellScript */,
			);
			dependencies = (
			);
			name = KSCircleProgressViewFrameworkXmaker;
			productName = KSCircleProgressViewFrameworkX;
		};
/* End PBXAggregateTarget section */

/* Begin PBXBuildFile section */
		3AC3CB6420AE661700D325C2 /* AppDelegate.m in Sources */ = {isa = PBXBuildFile; fileRef = 3AC3CB6320AE661700D325C2 /* AppDelegate.m */; };
		3AC3CB6720AE661700D325C2 /* ViewController.m in Sources */ = {isa = PBXBuildFile; fileRef = 3AC3CB6620AE661700D325C2 /* ViewController.m */; };
		3AC3CB6A20AE661700D325C2 /* Main.storyboard in Resources */ = {isa = PBXBuildFile; fileRef = 3AC3CB6820AE661700D325C2 /* Main.storyboard */; };
		3AC3CB6C20AE662500D325C2 /* Assets.xcassets in Resources */ = {isa = PBXBuildFile; fileRef = 3AC3CB6B20AE662500D325C2 /* Assets.xcassets */; };
		3AC3CB6F20AE662500D325C2 /* LaunchScreen.storyboard in Resources */ = {isa = PBXBuildFile; fileRef = 3AC3CB6D20AE662500D325C2 /* LaunchScreen.storyboard */; };
		3AC3CB7220AE662500D325C2 /* main.m in Sources */ = {isa = PBXBuildFile; fileRef = 3AC3CB7120AE662500D325C2 /* main.m */; };
		3AC3CB7C20AE662500D325C2 /* KSCircleProgressViewDemoUITests.m in Sources */ = {isa = PBXBuildFile; fileRef = 3AC3CB7B20AE662500D325C2 /* KSCircleProgressViewDemoUITests.m */; };
		3AC3CBA320AED91700D325C2 /* KSCircleProgressView.m in Sources */ = {isa = PBXBuildFile; fileRef = 3AC3CBA020AED91600D325C2 /* KSCircleProgressView.m */; };
		3AC3CBA420AED91700D325C2 /* LICENSE in Resources */ = {isa = PBXBuildFile; fileRef = 3AC3CBA120AED91600D325C2 /* LICENSE */; };
		3AC3CBA520AED91700D325C2 /* README.md in Resources */ = {isa = PBXBuildFile; fileRef = 3AC3CBA220AED91600D325C2 /* README.md */; };
		E928E384261D3A0B006C6A0D /* KSCircleProgressView.m in Sources */ = {isa = PBXBuildFile; fileRef = 3AC3CBA020AED91600D325C2 /* KSCircleProgressView.m */; };
		E928E386261D3B6F006C6A0D /* KSCircleProgressView.h in Headers */ = {isa = PBXBuildFile; fileRef = 3AC3CB9F20AED91600D325C2 /* KSCircleProgressView.h */; settings = {ATTRIBUTES = (Public, ); }; };
		E928E398261D4472006C6A0D /* AppDelegate.m in Sources */ = {isa = PBXBuildFile; fileRef = E928E397261D4472006C6A0D /* AppDelegate.m */; };
		E928E39B261D4472006C6A0D /* SceneDelegate.m in Sources */ = {isa = PBXBuildFile; fileRef = E928E39A261D4472006C6A0D /* SceneDelegate.m */; };
		E928E39E261D4473006C6A0D /* ViewController.m in Sources */ = {isa = PBXBuildFile; fileRef = E928E39D261D4473006C6A0D /* ViewController.m */; };
		E928E3A1261D4473006C6A0D /* Main.storyboard in Resources */ = {isa = PBXBuildFile; fileRef = E928E39F261D4473006C6A0D /* Main.storyboard */; };
		E928E3A3261D4474006C6A0D /* Assets.xcassets in Resources */ = {isa = PBXBuildFile; fileRef = E928E3A2261D4474006C6A0D /* Assets.xcassets */; };
		E928E3A6261D4474006C6A0D /* LaunchScreen.storyboard in Resources */ = {isa = PBXBuildFile; fileRef = E928E3A4261D4474006C6A0D /* LaunchScreen.storyboard */; };
		E928E3A9261D4474006C6A0D /* main.m in Sources */ = {isa = PBXBuildFile; fileRef = E928E3A8261D4474006C6A0D /* main.m */; };
		E928E3CC261D44AB006C6A0D /* KSCircleProgressView.a in Frameworks */ = {isa = PBXBuildFile; fileRef = E928E3CA261D44AB006C6A0D /* KSCircleProgressView.a */; };
		E928E3E4261D469A006C6A0D /* KSCircleProgressViewFramework.h in Headers */ = {isa = PBXBuildFile; fileRef = E928E3D4261D469A006C6A0D /* KSCircleProgressViewFramework.h */; settings = {ATTRIBUTES = (Public, ); }; };
		E928E3F0261D4763006C6A0D /* KSCircleProgressView.m in Sources */ = {isa = PBXBuildFile; fileRef = 3AC3CBA020AED91600D325C2 /* KSCircleProgressView.m */; };
		E928E3F1261D47A1006C6A0D /* KSCircleProgressView.h in Headers */ = {isa = PBXBuildFile; fileRef = 3AC3CB9F20AED91600D325C2 /* KSCircleProgressView.h */; settings = {ATTRIBUTES = (Public, ); }; };
		E928E3FF261D85EF006C6A0D /* AppDelegate.m in Sources */ = {isa = PBXBuildFile; fileRef = E928E3FE261D85EF006C6A0D /* AppDelegate.m */; };
		E928E402261D85EF006C6A0D /* SceneDelegate.m in Sources */ = {isa = PBXBuildFile; fileRef = E928E401261D85EF006C6A0D /* SceneDelegate.m */; };
		E928E405261D85EF006C6A0D /* ViewController.m in Sources */ = {isa = PBXBuildFile; fileRef = E928E404261D85EF006C6A0D /* ViewController.m */; };
		E928E408261D85EF006C6A0D /* Main.storyboard in Resources */ = {isa = PBXBuildFile; fileRef = E928E406261D85EF006C6A0D /* Main.storyboard */; };
		E928E40A261D85F1006C6A0D /* Assets.xcassets in Resources */ = {isa = PBXBuildFile; fileRef = E928E409261D85F1006C6A0D /* Assets.xcassets */; };
		E928E40D261D85F1006C6A0D /* LaunchScreen.storyboard in Resources */ = {isa = PBXBuildFile; fileRef = E928E40B261D85F1006C6A0D /* LaunchScreen.storyboard */; };
		E928E410261D85F1006C6A0D /* main.m in Sources */ = {isa = PBXBuildFile; fileRef = E928E40F261D85F1006C6A0D /* main.m */; };
		E928E414261D861E006C6A0D /* KSCircleProgressViewFramework.framework in Frameworks */ = {isa = PBXBuildFile; fileRef = E928E3D2261D469A006C6A0D /* KSCircleProgressViewFramework.framework */; };
		E928E415261D88CB006C6A0D /* KSCircleProgressViewFramework.framework in Frameworks */ = {isa = PBXBuildFile; fileRef = E928E3D2261D469A006C6A0D /* KSCircleProgressViewFramework.framework */; };
/* End PBXBuildFile section */

/* Begin PBXContainerItemProxy section */
		3AC3CB7820AE662500D325C2 /* PBXContainerItemProxy */ = {
			isa = PBXContainerItemProxy;
			containerPortal = 3AC3CB5720AE661600D325C2 /* Project object */;
			proxyType = 1;
			remoteGlobalIDString = 3AC3CB5E20AE661600D325C2;
			remoteInfo = KSCircleProgressViewDemo;
		};
		E928E3E5261D469A006C6A0D /* PBXContainerItemProxy */ = {
			isa = PBXContainerItemProxy;
			containerPortal = 3AC3CB5720AE661600D325C2 /* Project object */;
			proxyType = 1;
			remoteGlobalIDString = E928E3D1261D469A006C6A0D;
			remoteInfo = KSCircleProgressViewFramework;
		};
/* End PBXContainerItemProxy section */

/* Begin PBXCopyFilesBuildPhase section */
		E928E379261D39E3006C6A0D /* CopyFiles */ = {
			isa = PBXCopyFilesBuildPhase;
			buildActionMask = 2147483647;
			dstPath = "include/$(PRODUCT_NAME)";
			dstSubfolderSpec = 16;
			files = (
			);
			runOnlyForDeploymentPostprocessing = 0;
		};
		E928E3EC261D469A006C6A0D /* Embed Frameworks */ = {
			isa = PBXCopyFilesBuildPhase;
			buildActionMask = 2147483647;
			dstPath = "";
			dstSubfolderSpec = 10;
			files = (
			);
			name = "Embed Frameworks";
			runOnlyForDeploymentPostprocessing = 0;
		};
/* End PBXCopyFilesBuildPhase section */

/* Begin PBXFileReference section */
		3AC3CB5F20AE661600D325C2 /* KSCircleProgressViewDemo.app */ = {isa = PBXFileReference; explicitFileType = wrapper.application; includeInIndex = 0; path = KSCircleProgressViewDemo.app; sourceTree = BUILT_PRODUCTS_DIR; };
		3AC3CB6220AE661700D325C2 /* AppDelegate.h */ = {isa = PBXFileReference; lastKnownFileType = sourcecode.c.h; path = AppDelegate.h; sourceTree = "<group>"; };
		3AC3CB6320AE661700D325C2 /* AppDelegate.m */ = {isa = PBXFileReference; lastKnownFileType = sourcecode.c.objc; path = AppDelegate.m; sourceTree = "<group>"; };
		3AC3CB6520AE661700D325C2 /* ViewController.h */ = {isa = PBXFileReference; lastKnownFileType = sourcecode.c.h; path = ViewController.h; sourceTree = "<group>"; };
		3AC3CB6620AE661700D325C2 /* ViewController.m */ = {isa = PBXFileReference; lastKnownFileType = sourcecode.c.objc; path = ViewController.m; sourceTree = "<group>"; };
		3AC3CB6920AE661700D325C2 /* Base */ = {isa = PBXFileReference; lastKnownFileType = file.storyboard; name = Base; path = Base.lproj/Main.storyboard; sourceTree = "<group>"; };
		3AC3CB6B20AE662500D325C2 /* Assets.xcassets */ = {isa = PBXFileReference; lastKnownFileType = folder.assetcatalog; path = Assets.xcassets; sourceTree = "<group>"; };
		3AC3CB6E20AE662500D325C2 /* Base */ = {isa = PBXFileReference; lastKnownFileType = file.storyboard; name = Base; path = Base.lproj/LaunchScreen.storyboard; sourceTree = "<group>"; };
		3AC3CB7020AE662500D325C2 /* Info.plist */ = {isa = PBXFileReference; lastKnownFileType = text.plist.xml; path = Info.plist; sourceTree = "<group>"; };
		3AC3CB7120AE662500D325C2 /* main.m */ = {isa = PBXFileReference; lastKnownFileType = sourcecode.c.objc; path = main.m; sourceTree = "<group>"; };
		3AC3CB7720AE662500D325C2 /* KSCircleProgressViewDemoUITests.xctest */ = {isa = PBXFileReference; explicitFileType = wrapper.cfbundle; includeInIndex = 0; path = KSCircleProgressViewDemoUITests.xctest; sourceTree = BUILT_PRODUCTS_DIR; };
		3AC3CB7B20AE662500D325C2 /* KSCircleProgressViewDemoUITests.m */ = {isa = PBXFileReference; lastKnownFileType = sourcecode.c.objc; path = KSCircleProgressViewDemoUITests.m; sourceTree = "<group>"; };
		3AC3CB7D20AE662500D325C2 /* Info.plist */ = {isa = PBXFileReference; lastKnownFileType = text.plist.xml; path = Info.plist; sourceTree = "<group>"; };
		3AC3CB9F20AED91600D325C2 /* KSCircleProgressView.h */ = {isa = PBXFileReference; fileEncoding = 4; lastKnownFileType = sourcecode.c.h; path = KSCircleProgressView.h; sourceTree = "<group>"; };
		3AC3CBA020AED91600D325C2 /* KSCircleProgressView.m */ = {isa = PBXFileReference; fileEncoding = 4; lastKnownFileType = sourcecode.c.objc; path = KSCircleProgressView.m; sourceTree = "<group>"; };
		3AC3CBA120AED91600D325C2 /* LICENSE */ = {isa = PBXFileReference; fileEncoding = 4; lastKnownFileType = text; path = LICENSE; sourceTree = "<group>"; };
		3AC3CBA220AED91600D325C2 /* README.md */ = {isa = PBXFileReference; fileEncoding = 4; lastKnownFileType = net.daringfireball.markdown; path = README.md; sourceTree = "<group>"; };
		E928E37B261D39E3006C6A0D /* libKSCircleProgressView.a */ = {isa = PBXFileReference; explicitFileType = archive.ar; includeInIndex = 0; path = libKSCircleProgressView.a; sourceTree = BUILT_PRODUCTS_DIR; };
		E928E394261D4472006C6A0D /* KSCircleProgressViewDemoWithStaticLibrary.app */ = {isa = PBXFileReference; explicitFileType = wrapper.application; includeInIndex = 0; path = KSCircleProgressViewDemoWithStaticLibrary.app; sourceTree = BUILT_PRODUCTS_DIR; };
		E928E396261D4472006C6A0D /* AppDelegate.h */ = {isa = PBXFileReference; lastKnownFileType = sourcecode.c.h; path = AppDelegate.h; sourceTree = "<group>"; };
		E928E397261D4472006C6A0D /* AppDelegate.m */ = {isa = PBXFileReference; lastKnownFileType = sourcecode.c.objc; path = AppDelegate.m; sourceTree = "<group>"; };
		E928E399261D4472006C6A0D /* SceneDelegate.h */ = {isa = PBXFileReference; lastKnownFileType = sourcecode.c.h; path = SceneDelegate.h; sourceTree = "<group>"; };
		E928E39A261D4472006C6A0D /* SceneDelegate.m */ = {isa = PBXFileReference; lastKnownFileType = sourcecode.c.objc; path = SceneDelegate.m; sourceTree = "<group>"; };
		E928E39C261D4472006C6A0D /* ViewController.h */ = {isa = PBXFileReference; lastKnownFileType = sourcecode.c.h; path = ViewController.h; sourceTree = "<group>"; };
		E928E39D261D4473006C6A0D /* ViewController.m */ = {isa = PBXFileReference; lastKnownFileType = sourcecode.c.objc; path = ViewController.m; sourceTree = "<group>"; };
		E928E3A0261D4473006C6A0D /* Base */ = {isa = PBXFileReference; lastKnownFileType = file.storyboard; name = Base; path = Base.lproj/Main.storyboard; sourceTree = "<group>"; };
		E928E3A2261D4474006C6A0D /* Assets.xcassets */ = {isa = PBXFileReference; lastKnownFileType = folder.assetcatalog; path = Assets.xcassets; sourceTree = "<group>"; };
		E928E3A5261D4474006C6A0D /* Base */ = {isa = PBXFileReference; lastKnownFileType = file.storyboard; name = Base; path = Base.lproj/LaunchScreen.storyboard; sourceTree = "<group>"; };
		E928E3A7261D4474006C6A0D /* Info.plist */ = {isa = PBXFileReference; lastKnownFileType = text.plist.xml; path = Info.plist; sourceTree = "<group>"; };
		E928E3A8261D4474006C6A0D /* main.m */ = {isa = PBXFileReference; lastKnownFileType = sourcecode.c.objc; path = main.m; sourceTree = "<group>"; };
		E928E3CA261D44AB006C6A0D /* KSCircleProgressView.a */ = {isa = PBXFileReference; lastKnownFileType = archive.ar; path = KSCircleProgressView.a; sourceTree = "<group>"; };
		E928E3CB261D44AB006C6A0D /* KSCircleProgressView.h */ = {isa = PBXFileReference; fileEncoding = 4; lastKnownFileType = sourcecode.c.h; path = KSCircleProgressView.h; sourceTree = "<group>"; };
		E928E3D2261D469A006C6A0D /* KSCircleProgressViewFramework.framework */ = {isa = PBXFileReference; explicitFileType = wrapper.framework; includeInIndex = 0; path = KSCircleProgressViewFramework.framework; sourceTree = BUILT_PRODUCTS_DIR; };
		E928E3D4261D469A006C6A0D /* KSCircleProgressViewFramework.h */ = {isa = PBXFileReference; lastKnownFileType = sourcecode.c.h; path = KSCircleProgressViewFramework.h; sourceTree = "<group>"; };
		E928E3D5261D469A006C6A0D /* Info.plist */ = {isa = PBXFileReference; lastKnownFileType = text.plist.xml; path = Info.plist; sourceTree = "<group>"; };
		E928E3E1261D469A006C6A0D /* KSCircleProgressViewFrameworkTests.m */ = {isa = PBXFileReference; lastKnownFileType = sourcecode.c.objc; path = KSCircleProgressViewFrameworkTests.m; sourceTree = "<group>"; };
		E928E3E3261D469A006C6A0D /* Info.plist */ = {isa = PBXFileReference; lastKnownFileType = text.plist.xml; path = Info.plist; sourceTree = "<group>"; };
		E928E3FB261D85EF006C6A0D /* KSCircleProgressViewDemoWithFramework.app */ = {isa = PBXFileReference; explicitFileType = wrapper.application; includeInIndex = 0; path = KSCircleProgressViewDemoWithFramework.app; sourceTree = BUILT_PRODUCTS_DIR; };
		E928E3FD261D85EF006C6A0D /* AppDelegate.h */ = {isa = PBXFileReference; lastKnownFileType = sourcecode.c.h; path = AppDelegate.h; sourceTree = "<group>"; };
		E928E3FE261D85EF006C6A0D /* AppDelegate.m */ = {isa = PBXFileReference; lastKnownFileType = sourcecode.c.objc; path = AppDelegate.m; sourceTree = "<group>"; };
		E928E400261D85EF006C6A0D /* SceneDelegate.h */ = {isa = PBXFileReference; lastKnownFileType = sourcecode.c.h; path = SceneDelegate.h; sourceTree = "<group>"; };
		E928E401261D85EF006C6A0D /* SceneDelegate.m */ = {isa = PBXFileReference; lastKnownFileType = sourcecode.c.objc; path = SceneDelegate.m; sourceTree = "<group>"; };
		E928E403261D85EF006C6A0D /* ViewController.h */ = {isa = PBXFileReference; lastKnownFileType = sourcecode.c.h; path = ViewController.h; sourceTree = "<group>"; };
		E928E404261D85EF006C6A0D /* ViewController.m */ = {isa = PBXFileReference; lastKnownFileType = sourcecode.c.objc; path = ViewController.m; sourceTree = "<group>"; };
		E928E407261D85EF006C6A0D /* Base */ = {isa = PBXFileReference; lastKnownFileType = file.storyboard; name = Base; path = Base.lproj/Main.storyboard; sourceTree = "<group>"; };
		E928E409261D85F1006C6A0D /* Assets.xcassets */ = {isa = PBXFileReference; lastKnownFileType = folder.assetcatalog; path = Assets.xcassets; sourceTree = "<group>"; };
		E928E40C261D85F1006C6A0D /* Base */ = {isa = PBXFileReference; lastKnownFileType = file.storyboard; name = Base; path = Base.lproj/LaunchScreen.storyboard; sourceTree = "<group>"; };
		E928E40E261D85F1006C6A0D /* Info.plist */ = {isa = PBXFileReference; lastKnownFileType = text.plist.xml; path = Info.plist; sourceTree = "<group>"; };
		E928E40F261D85F1006C6A0D /* main.m */ = {isa = PBXFileReference; lastKnownFileType = sourcecode.c.objc; path = main.m; sourceTree = "<group>"; };
/* End PBXFileReference section */

/* Begin PBXFrameworksBuildPhase section */
		3AC3CB5C20AE661600D325C2 /* Frameworks */ = {
			isa = PBXFrameworksBuildPhase;
			buildActionMask = 2147483647;
			files = (
			);
			runOnlyForDeploymentPostprocessing = 0;
		};
		3AC3CB7420AE662500D325C2 /* Frameworks */ = {
			isa = PBXFrameworksBuildPhase;
			buildActionMask = 2147483647;
			files = (
			);
			runOnlyForDeploymentPostprocessing = 0;
		};
		E928E378261D39E3006C6A0D /* Frameworks */ = {
			isa = PBXFrameworksBuildPhase;
			buildActionMask = 2147483647;
			files = (
			);
			runOnlyForDeploymentPostprocessing = 0;
		};
		E928E391261D4472006C6A0D /* Frameworks */ = {
			isa = PBXFrameworksBuildPhase;
			buildActionMask = 2147483647;
			files = (
				E928E3CC261D44AB006C6A0D /* KSCircleProgressView.a in Frameworks */,
			);
			runOnlyForDeploymentPostprocessing = 0;
		};
		E928E3CF261D469A006C6A0D /* Frameworks */ = {
			isa = PBXFrameworksBuildPhase;
			buildActionMask = 2147483647;
			files = (
				E928E414261D861E006C6A0D /* KSCircleProgressViewFramework.framework in Frameworks */,
			);
			runOnlyForDeploymentPostprocessing = 0;
		};
		E928E3F8261D85EF006C6A0D /* Frameworks */ = {
			isa = PBXFrameworksBuildPhase;
			buildActionMask = 2147483647;
			files = (
				E928E415261D88CB006C6A0D /* KSCircleProgressViewFramework.framework in Frameworks */,
			);
			runOnlyForDeploymentPostprocessing = 0;
		};
/* End PBXFrameworksBuildPhase section */

/* Begin PBXGroup section */
		1B8F1ADBB5F21384F2FD51D9 /* Frameworks */ = {
			isa = PBXGroup;
			children = (
			);
			name = Frameworks;
			sourceTree = "<group>";
		};
		3AC3CB5620AE661600D325C2 = {
			isa = PBXGroup;
			children = (
				3AC3CB6120AE661700D325C2 /* KSCircleProgressViewDemo */,
				3AC3CB7A20AE662500D325C2 /* KSCircleProgressViewDemoUITests */,
				E928E37C261D39E3006C6A0D /* KSCircleProgressView */,
				E928E395261D4472006C6A0D /* KSCircleProgressViewDemoWithStaticLibrary */,
				E928E3D3261D469A006C6A0D /* KSCircleProgressViewFramework */,
				E928E3E0261D469A006C6A0D /* KSCircleProgressViewFrameworkTests */,
				E928E3FC261D85EF006C6A0D /* KSCircleProgressViewDemoWithFramework */,
				3AC3CB6020AE661700D325C2 /* Products */,
				1B8F1ADBB5F21384F2FD51D9 /* Frameworks */,
			);
			sourceTree = "<group>";
		};
		3AC3CB6020AE661700D325C2 /* Products */ = {
			isa = PBXGroup;
			children = (
				3AC3CB5F20AE661600D325C2 /* KSCircleProgressViewDemo.app */,
				3AC3CB7720AE662500D325C2 /* KSCircleProgressViewDemoUITests.xctest */,
				E928E37B261D39E3006C6A0D /* libKSCircleProgressView.a */,
				E928E394261D4472006C6A0D /* KSCircleProgressViewDemoWithStaticLibrary.app */,
				E928E3D2261D469A006C6A0D /* KSCircleProgressViewFramework.framework */,
				E928E3FB261D85EF006C6A0D /* KSCircleProgressViewDemoWithFramework.app */,
			);
			name = Products;
			sourceTree = "<group>";
		};
		3AC3CB6120AE661700D325C2 /* KSCircleProgressViewDemo */ = {
			isa = PBXGroup;
			children = (
				3AC3CB6220AE661700D325C2 /* AppDelegate.h */,
				3AC3CB6320AE661700D325C2 /* AppDelegate.m */,
				3AC3CB6520AE661700D325C2 /* ViewController.h */,
				3AC3CB6620AE661700D325C2 /* ViewController.m */,
				3AC3CB6820AE661700D325C2 /* Main.storyboard */,
				3AC3CB9D20AED91600D325C2 /* KSCircleProgressView */,
				3AC3CB6B20AE662500D325C2 /* Assets.xcassets */,
				3AC3CB6D20AE662500D325C2 /* LaunchScreen.storyboard */,
				3AC3CB7020AE662500D325C2 /* Info.plist */,
				3AC3CB7120AE662500D325C2 /* main.m */,
			);
			path = KSCircleProgressViewDemo;
			sourceTree = "<group>";
		};
		3AC3CB7A20AE662500D325C2 /* KSCircleProgressViewDemoUITests */ = {
			isa = PBXGroup;
			children = (
				3AC3CB7B20AE662500D325C2 /* KSCircleProgressViewDemoUITests.m */,
				3AC3CB7D20AE662500D325C2 /* Info.plist */,
			);
			path = KSCircleProgressViewDemoUITests;
			sourceTree = "<group>";
		};
		3AC3CB9D20AED91600D325C2 /* KSCircleProgressView */ = {
			isa = PBXGroup;
			children = (
				3AC3CB9E20AED91600D325C2 /* KSCircleProgressView */,
				3AC3CBA120AED91600D325C2 /* LICENSE */,
				3AC3CBA220AED91600D325C2 /* README.md */,
			);
			path = KSCircleProgressView;
			sourceTree = SOURCE_ROOT;
		};
		3AC3CB9E20AED91600D325C2 /* KSCircleProgressView */ = {
			isa = PBXGroup;
			children = (
				3AC3CB9F20AED91600D325C2 /* KSCircleProgressView.h */,
				3AC3CBA020AED91600D325C2 /* KSCircleProgressView.m */,
			);
			path = KSCircleProgressView;
			sourceTree = "<group>";
		};
		E928E37C261D39E3006C6A0D /* KSCircleProgressView */ = {
			isa = PBXGroup;
			children = (
			);
			path = KSCircleProgressView;
			sourceTree = "<group>";
		};
		E928E395261D4472006C6A0D /* KSCircleProgressViewDemoWithStaticLibrary */ = {
			isa = PBXGroup;
			children = (
				E928E396261D4472006C6A0D /* AppDelegate.h */,
				E928E397261D4472006C6A0D /* AppDelegate.m */,
				E928E399261D4472006C6A0D /* SceneDelegate.h */,
				E928E39A261D4472006C6A0D /* SceneDelegate.m */,
				E928E39C261D4472006C6A0D /* ViewController.h */,
				E928E39D261D4473006C6A0D /* ViewController.m */,
				E928E39F261D4473006C6A0D /* Main.storyboard */,
				E928E3C9261D44AB006C6A0D /* KSCircleProgressView */,
				E928E3A2261D4474006C6A0D /* Assets.xcassets */,
				E928E3A4261D4474006C6A0D /* LaunchScreen.storyboard */,
				E928E3A7261D4474006C6A0D /* Info.plist */,
				E928E3A8261D4474006C6A0D /* main.m */,
			);
			path = KSCircleProgressViewDemoWithStaticLibrary;
			sourceTree = "<group>";
		};
		E928E3C9261D44AB006C6A0D /* KSCircleProgressView */ = {
			isa = PBXGroup;
			children = (
				E928E3CA261D44AB006C6A0D /* KSCircleProgressView.a */,
				E928E3CB261D44AB006C6A0D /* KSCircleProgressView.h */,
			);
			path = KSCircleProgressView;
			sourceTree = "<group>";
		};
		E928E3D3261D469A006C6A0D /* KSCircleProgressViewFramework */ = {
			isa = PBXGroup;
			children = (
				E928E3D4261D469A006C6A0D /* KSCircleProgressViewFramework.h */,
				E928E3D5261D469A006C6A0D /* Info.plist */,
			);
			path = KSCircleProgressViewFramework;
			sourceTree = "<group>";
		};
		E928E3E0261D469A006C6A0D /* KSCircleProgressViewFrameworkTests */ = {
			isa = PBXGroup;
			children = (
				E928E3E1261D469A006C6A0D /* KSCircleProgressViewFrameworkTests.m */,
				E928E3E3261D469A006C6A0D /* Info.plist */,
			);
			path = KSCircleProgressViewFrameworkTests;
			sourceTree = "<group>";
		};
		E928E3FC261D85EF006C6A0D /* KSCircleProgressViewDemoWithFramework */ = {
			isa = PBXGroup;
			children = (
				E928E3FD261D85EF006C6A0D /* AppDelegate.h */,
				E928E3FE261D85EF006C6A0D /* AppDelegate.m */,
				E928E400261D85EF006C6A0D /* SceneDelegate.h */,
				E928E401261D85EF006C6A0D /* SceneDelegate.m */,
				E928E403261D85EF006C6A0D /* ViewController.h */,
				E928E404261D85EF006C6A0D /* ViewController.m */,
				E928E406261D85EF006C6A0D /* Main.storyboard */,
				E928E409261D85F1006C6A0D /* Assets.xcassets */,
				E928E40B261D85F1006C6A0D /* LaunchScreen.storyboard */,
				E928E40E261D85F1006C6A0D /* Info.plist */,
				E928E40F261D85F1006C6A0D /* main.m */,
			);
			path = KSCircleProgressViewDemoWithFramework;
			sourceTree = "<group>";
		};
/* End PBXGroup section */

/* Begin PBXHeadersBuildPhase section */
		E928E385261D3B5C006C6A0D /* Headers */ = {
			isa = PBXHeadersBuildPhase;
			buildActionMask = 2147483647;
			files = (
				E928E386261D3B6F006C6A0D /* KSCircleProgressView.h in Headers */,
			);
			runOnlyForDeploymentPostprocessing = 0;
		};
		E928E3CD261D469A006C6A0D /* Headers */ = {
			isa = PBXHeadersBuildPhase;
			buildActionMask = 2147483647;
			files = (
				E928E3E4261D469A006C6A0D /* KSCircleProgressViewFramework.h in Headers */,
				E928E3F1261D47A1006C6A0D /* KSCircleProgressView.h in Headers */,
			);
			runOnlyForDeploymentPostprocessing = 0;
		};
/* End PBXHeadersBuildPhase section */

/* Begin PBXNativeTarget section */
		3AC3CB5E20AE661600D325C2 /* KSCircleProgressViewDemo */ = {
			isa = PBXNativeTarget;
			buildConfigurationList = 3AC3CB8020AE662500D325C2 /* Build configuration list for PBXNativeTarget "KSCircleProgressViewDemo" */;
			buildPhases = (
				3AC3CB5B20AE661600D325C2 /* Sources */,
				3AC3CB5C20AE661600D325C2 /* Frameworks */,
				3AC3CB5D20AE661600D325C2 /* Resources */,
				E928E3EC261D469A006C6A0D /* Embed Frameworks */,
			);
			buildRules = (
			);
			dependencies = (
				E928E3E6261D469A006C6A0D /* PBXTargetDependency */,
			);
			name = KSCircleProgressViewDemo;
			productName = KSCircleProgressViewDemo;
			productReference = 3AC3CB5F20AE661600D325C2 /* KSCircleProgressViewDemo.app */;
			productType = "com.apple.product-type.application";
		};
		3AC3CB7620AE662500D325C2 /* KSCircleProgressViewDemoUITests */ = {
			isa = PBXNativeTarget;
			buildConfigurationList = 3AC3CB8320AE662500D325C2 /* Build configuration list for PBXNativeTarget "KSCircleProgressViewDemoUITests" */;
			buildPhases = (
				3AC3CB7320AE662500D325C2 /* Sources */,
				3AC3CB7420AE662500D325C2 /* Frameworks */,
				3AC3CB7520AE662500D325C2 /* Resources */,
			);
			buildRules = (
			);
			dependencies = (
				3AC3CB7920AE662500D325C2 /* PBXTargetDependency */,
			);
			name = KSCircleProgressViewDemoUITests;
			productName = KSCircleProgressViewDemoUITests;
			productReference = 3AC3CB7720AE662500D325C2 /* KSCircleProgressViewDemoUITests.xctest */;
			productType = "com.apple.product-type.bundle.ui-testing";
		};
		E928E37A261D39E3006C6A0D /* KSCircleProgressView */ = {
			isa = PBXNativeTarget;
			buildConfigurationList = E928E383261D39E3006C6A0D /* Build configuration list for PBXNativeTarget "KSCircleProgressView" */;
			buildPhases = (
				E928E385261D3B5C006C6A0D /* Headers */,
				E928E377261D39E3006C6A0D /* Sources */,
				E928E378261D39E3006C6A0D /* Frameworks */,
				E928E379261D39E3006C6A0D /* CopyFiles */,
			);
			buildRules = (
			);
			dependencies = (
			);
			name = KSCircleProgressView;
			productName = KSCircleProgressView;
			productReference = E928E37B261D39E3006C6A0D /* libKSCircleProgressView.a */;
			productType = "com.apple.product-type.library.static";
		};
		E928E393261D4472006C6A0D /* KSCircleProgressViewDemoWithStaticLibrary */ = {
			isa = PBXNativeTarget;
			buildConfigurationList = E928E3C0261D4474006C6A0D /* Build configuration list for PBXNativeTarget "KSCircleProgressViewDemoWithStaticLibrary" */;
			buildPhases = (
				E928E390261D4472006C6A0D /* Sources */,
				E928E391261D4472006C6A0D /* Frameworks */,
				E928E392261D4472006C6A0D /* Resources */,
			);
			buildRules = (
			);
			dependencies = (
			);
			name = KSCircleProgressViewDemoWithStaticLibrary;
			productName = KSCircleProgressViewDemoWithStaticLibrary;
			productReference = E928E394261D4472006C6A0D /* KSCircleProgressViewDemoWithStaticLibrary.app */;
			productType = "com.apple.product-type.application";
		};
		E928E3D1261D469A006C6A0D /* KSCircleProgressViewFramework */ = {
			isa = PBXNativeTarget;
			buildConfigurationList = E928E3E9261D469A006C6A0D /* Build configuration list for PBXNativeTarget "KSCircleProgressViewFramework" */;
			buildPhases = (
				E928E3CD261D469A006C6A0D /* Headers */,
				E928E3CE261D469A006C6A0D /* Sources */,
				E928E3CF261D469A006C6A0D /* Frameworks */,
				E928E3D0261D469A006C6A0D /* Resources */,
			);
			buildRules = (
			);
			dependencies = (
			);
			name = KSCircleProgressViewFramework;
			productName = KSCircleProgressViewFramework;
			productReference = E928E3D2261D469A006C6A0D /* KSCircleProgressViewFramework.framework */;
			productType = "com.apple.product-type.framework";
		};
		E928E3FA261D85EF006C6A0D /* KSCircleProgressViewDemoWithFramework */ = {
			isa = PBXNativeTarget;
			buildConfigurationList = E928E411261D85F1006C6A0D /* Build configuration list for PBXNativeTarget "KSCircleProgressViewDemoWithFramework" */;
			buildPhases = (
				E928E3F7261D85EF006C6A0D /* Sources */,
				E928E3F8261D85EF006C6A0D /* Frameworks */,
				E928E3F9261D85EF006C6A0D /* Resources */,
			);
			buildRules = (
			);
			dependencies = (
			);
			name = KSCircleProgressViewDemoWithFramework;
			productName = KSCircleProgressViewDemoWithFramework;
			productReference = E928E3FB261D85EF006C6A0D /* KSCircleProgressViewDemoWithFramework.app */;
			productType = "com.apple.product-type.application";
		};
/* End PBXNativeTarget section */

/* Begin PBXProject section */
		3AC3CB5720AE661600D325C2 /* Project object */ = {
			isa = PBXProject;
			attributes = {
				LastUpgradeCheck = 0930;
				ORGANIZATIONNAME = juliano;
				TargetAttributes = {
					3AC3CB5E20AE661600D325C2 = {
						CreatedOnToolsVersion = 9.3;
					};
					3AC3CB7620AE662500D325C2 = {
						CreatedOnToolsVersion = 9.3;
						TestTargetID = 3AC3CB5E20AE661600D325C2;
					};
					E928E37A261D39E3006C6A0D = {
						CreatedOnToolsVersion = 11.3;
					};
					E928E393261D4472006C6A0D = {
						CreatedOnToolsVersion = 11.3;
					};
					E928E3D1261D469A006C6A0D = {
						CreatedOnToolsVersion = 11.3;
					};
					E928E3F2261D4EA4006C6A0D = {
						CreatedOnToolsVersion = 11.3;
					};
					E928E3FA261D85EF006C6A0D = {
						CreatedOnToolsVersion = 11.3;
					};
				};
			};
			buildConfigurationList = 3AC3CB5A20AE661600D325C2 /* Build configuration list for PBXProject "KSCircleProgressViewDemo" */;
			compatibilityVersion = "Xcode 9.3";
			developmentRegion = en;
			hasScannedForEncodings = 0;
			knownRegions = (
				en,
				Base,
			);
			mainGroup = 3AC3CB5620AE661600D325C2;
			productRefGroup = 3AC3CB6020AE661700D325C2 /* Products */;
			projectDirPath = "";
			projectRoot = "";
			targets = (
				3AC3CB5E20AE661600D325C2 /* KSCircleProgressViewDemo */,
				3AC3CB7620AE662500D325C2 /* KSCircleProgressViewDemoUITests */,
				E928E37A261D39E3006C6A0D /* KSCircleProgressView */,
				E928E393261D4472006C6A0D /* KSCircleProgressViewDemoWithStaticLibrary */,
				E928E3D1261D469A006C6A0D /* KSCircleProgressViewFramework */,
				E928E3F2261D4EA4006C6A0D /* KSCircleProgressViewFrameworkXmaker */,
				E928E3FA261D85EF006C6A0D /* KSCircleProgressViewDemoWithFramework */,
			);
		};
/* End PBXProject section */

/* Begin PBXResourcesBuildPhase section */
		3AC3CB5D20AE661600D325C2 /* Resources */ = {
			isa = PBXResourcesBuildPhase;
			buildActionMask = 2147483647;
			files = (
				3AC3CB6F20AE662500D325C2 /* LaunchScreen.storyboard in Resources */,
				3AC3CB6C20AE662500D325C2 /* Assets.xcassets in Resources */,
				3AC3CBA520AED91700D325C2 /* README.md in Resources */,
				3AC3CBA420AED91700D325C2 /* LICENSE in Resources */,
				3AC3CB6A20AE661700D325C2 /* Main.storyboard in Resources */,
			);
			runOnlyForDeploymentPostprocessing = 0;
		};
		3AC3CB7520AE662500D325C2 /* Resources */ = {
			isa = PBXResourcesBuildPhase;
			buildActionMask = 2147483647;
			files = (
			);
			runOnlyForDeploymentPostprocessing = 0;
		};
		E928E392261D4472006C6A0D /* Resources */ = {
			isa = PBXResourcesBuildPhase;
			buildActionMask = 2147483647;
			files = (
				E928E3A6261D4474006C6A0D /* LaunchScreen.storyboard in Resources */,
				E928E3A3261D4474006C6A0D /* Assets.xcassets in Resources */,
				E928E3A1261D4473006C6A0D /* Main.storyboard in Resources */,
			);
			runOnlyForDeploymentPostprocessing = 0;
		};
		E928E3D0261D469A006C6A0D /* Resources */ = {
			isa = PBXResourcesBuildPhase;
			buildActionMask = 2147483647;
			files = (
			);
			runOnlyForDeploymentPostprocessing = 0;
		};
		E928E3F9261D85EF006C6A0D /* Resources */ = {
			isa = PBXResourcesBuildPhase;
			buildActionMask = 2147483647;
			files = (
				E928E40D261D85F1006C6A0D /* LaunchScreen.storyboard in Resources */,
				E928E40A261D85F1006C6A0D /* Assets.xcassets in Resources */,
				E928E408261D85EF006C6A0D /* Main.storyboard in Resources */,
			);
			runOnlyForDeploymentPostprocessing = 0;
		};
/* End PBXResourcesBuildPhase section */

/* Begin PBXShellScriptBuildPhase section */
		E928E3F6261D4EDE006C6A0D /* ShellScript */ = {
			isa = PBXShellScriptBuildPhase;
			buildActionMask = 2147483647;
			files = (
			);
			inputFileListPaths = (
			);
			inputPaths = (
			);
			outputFileListPaths = (
			);
			outputPaths = (
			);
			runOnlyForDeploymentPostprocessing = 0;
			shellPath = /bin/sh;
			shellScript = "echo '****************Build Start*************'\n#脚本运行当前目录\nCUR_DIR=$(cd \"$(dirname \"$0\")\"; pwd)\necho '*****当前目录----'$CUR_DIR'*****'\n\n#定义库的名字  ${PROJECT_NAME} \"TestFramework\"\nMY_LIB_NAME=\"KSCircleProgressViewFramework\"\n#编译对象 target的名字  一般与工程名字一致\nMY_BUILD_TARGET_NAME=\"KSCircleProgressViewFramework\"\n\n#目标目录\nTARGET_DIR=${SRCROOT}  #作为Xcode-Aggregate运行打开\n#TARGET_DIR=${CUR_DIR}  #作为sh文件运行打开\n\n#定义编译目录  当前工程的目录下\nWRK_DIR=build\n\n#编译模式  ${CONFIGURATION}   Release   Debug\nMY_BUILD_MODE=\"Release\"\n\n#源文件\nDEVICE_DIR=${WRK_DIR}/${MY_BUILD_MODE}-iphoneos/${MY_LIB_NAME}.framework\nSIMULATOR_DIR=${WRK_DIR}/${MY_BUILD_MODE}-iphonesimulator/${MY_LIB_NAME}.framework\n\n#swift库特有文件 AEXML.framework/Modules/AEXML.swiftmodule\nMODULES_DEVICE_DIR=${DEVICE_DIR}/Modules/${MY_LIB_NAME}.swiftmodule\nMODULES_SIMULATOR_DIR=${SIMULATOR_DIR}/Modules/${MY_LIB_NAME}.swiftmodule\n\n# 目标文件\nINSTALL_DIR=${TARGET_DIR}/Products/${MY_LIB_NAME}.framework\nMODULES_INSTALL_DIR=${TARGET_DIR}/Products/${MY_LIB_NAME}.framework/Modules/${MY_LIB_NAME}.swiftmodule\n\n# -configuration ${CONFIGURATION}\n# Clean and Building both architectures.\nxcodebuild -configuration \"${MY_BUILD_MODE}\" -target \"${MY_BUILD_TARGET_NAME}\" -sdk iphoneos clean build\nxcodebuild -configuration \"${MY_BUILD_MODE}\" -target \"${MY_BUILD_TARGET_NAME}\" -sdk iphonesimulator clean build\n\n\necho '****************Build End*************'\necho '****************Compound Start*************'\n\n#删除已经存在的文件\nif [ -d \"${INSTALL_DIR}\" ]\nthen\nrm -rf \"${INSTALL_DIR}\"\nfi\n\n#递归重建文件\nmkdir -p \"${INSTALL_DIR}\"\n#拷贝文件  ${DEVICE_DIR}/目录下的文件  拷贝到${INSTALL_DIR}/目录下\ncp -R \"${DEVICE_DIR}/\" \"${INSTALL_DIR}/\"\n#ditto \"${DEVICE_DIR}/Headers\" \"${INSTALL_DIR}/Headers\"\n\n#合并库架构 同时支持模拟器和真机\nlipo -create \"${DEVICE_DIR}/${MY_LIB_NAME}\" \"${SIMULATOR_DIR}/${MY_LIB_NAME}\" -output \"${INSTALL_DIR}/${MY_LIB_NAME}\"\n\n\n#合并swift库特有文件 AEXML.framework/Modules/AEXML.swiftmodule\nif [ -d \"${MODULES_SIMULATOR_DIR}\" ]\nthen\n\nif [ -d \"${MODULES_SIMULATOR_DIR}\" ]\nthen\ncp -R \"${MODULES_SIMULATOR_DIR}/\" \"${MODULES_INSTALL_DIR}/\"\nfi\n\nfi\n\n\nrm -r \"${WRK_DIR}\"\n\n\n# 打开文件夹\nopen \"${TARGET_DIR}/Products\"\n\necho '****************Compound End*************'\n";
		};
/* End PBXShellScriptBuildPhase section */

/* Begin PBXSourcesBuildPhase section */
		3AC3CB5B20AE661600D325C2 /* Sources */ = {
			isa = PBXSourcesBuildPhase;
			buildActionMask = 2147483647;
			files = (
				3AC3CB6720AE661700D325C2 /* ViewController.m in Sources */,
				3AC3CBA320AED91700D325C2 /* KSCircleProgressView.m in Sources */,
				3AC3CB7220AE662500D325C2 /* main.m in Sources */,
				3AC3CB6420AE661700D325C2 /* AppDelegate.m in Sources */,
			);
			runOnlyForDeploymentPostprocessing = 0;
		};
		3AC3CB7320AE662500D325C2 /* Sources */ = {
			isa = PBXSourcesBuildPhase;
			buildActionMask = 2147483647;
			files = (
				3AC3CB7C20AE662500D325C2 /* KSCircleProgressViewDemoUITests.m in Sources */,
			);
			runOnlyForDeploymentPostprocessing = 0;
		};
		E928E377261D39E3006C6A0D /* Sources */ = {
			isa = PBXSourcesBuildPhase;
			buildActionMask = 2147483647;
			files = (
				E928E384261D3A0B006C6A0D /* KSCircleProgressView.m in Sources */,
			);
			runOnlyForDeploymentPostprocessing = 0;
		};
		E928E390261D4472006C6A0D /* Sources */ = {
			isa = PBXSourcesBuildPhase;
			buildActionMask = 2147483647;
			files = (
				E928E39E261D4473006C6A0D /* ViewController.m in Sources */,
				E928E398261D4472006C6A0D /* AppDelegate.m in Sources */,
				E928E3A9261D4474006C6A0D /* main.m in Sources */,
				E928E39B261D4472006C6A0D /* SceneDelegate.m in Sources */,
			);
			runOnlyForDeploymentPostprocessing = 0;
		};
		E928E3CE261D469A006C6A0D /* Sources */ = {
			isa = PBXSourcesBuildPhase;
			buildActionMask = 2147483647;
			files = (
				E928E3F0261D4763006C6A0D /* KSCircleProgressView.m in Sources */,
			);
			runOnlyForDeploymentPostprocessing = 0;
		};
		E928E3F7261D85EF006C6A0D /* Sources */ = {
			isa = PBXSourcesBuildPhase;
			buildActionMask = 2147483647;
			files = (
				E928E405261D85EF006C6A0D /* ViewController.m in Sources */,
				E928E3FF261D85EF006C6A0D /* AppDelegate.m in Sources */,
				E928E410261D85F1006C6A0D /* main.m in Sources */,
				E928E402261D85EF006C6A0D /* SceneDelegate.m in Sources */,
			);
			runOnlyForDeploymentPostprocessing = 0;
		};
/* End PBXSourcesBuildPhase section */

/* Begin PBXTargetDependency section */
		3AC3CB7920AE662500D325C2 /* PBXTargetDependency */ = {
			isa = PBXTargetDependency;
			target = 3AC3CB5E20AE661600D325C2 /* KSCircleProgressViewDemo */;
			targetProxy = 3AC3CB7820AE662500D325C2 /* PBXContainerItemProxy */;
		};
		E928E3E6261D469A006C6A0D /* PBXTargetDependency */ = {
			isa = PBXTargetDependency;
			target = E928E3D1261D469A006C6A0D /* KSCircleProgressViewFramework */;
			targetProxy = E928E3E5261D469A006C6A0D /* PBXContainerItemProxy */;
		};
/* End PBXTargetDependency section */

/* Begin PBXVariantGroup section */
		3AC3CB6820AE661700D325C2 /* Main.storyboard */ = {
			isa = PBXVariantGroup;
			children = (
				3AC3CB6920AE661700D325C2 /* Base */,
			);
			name = Main.storyboard;
			sourceTree = "<group>";
		};
		3AC3CB6D20AE662500D325C2 /* LaunchScreen.storyboard */ = {
			isa = PBXVariantGroup;
			children = (
				3AC3CB6E20AE662500D325C2 /* Base */,
			);
			name = LaunchScreen.storyboard;
			sourceTree = "<group>";
		};
		E928E39F261D4473006C6A0D /* Main.storyboard */ = {
			isa = PBXVariantGroup;
			children = (
				E928E3A0261D4473006C6A0D /* Base */,
			);
			name = Main.storyboard;
			sourceTree = "<group>";
		};
		E928E3A4261D4474006C6A0D /* LaunchScreen.storyboard */ = {
			isa = PBXVariantGroup;
			children = (
				E928E3A5261D4474006C6A0D /* Base */,
			);
			name = LaunchScreen.storyboard;
			sourceTree = "<group>";
		};
		E928E406261D85EF006C6A0D /* Main.storyboard */ = {
			isa = PBXVariantGroup;
			children = (
				E928E407261D85EF006C6A0D /* Base */,
			);
			name = Main.storyboard;
			sourceTree = "<group>";
		};
		E928E40B261D85F1006C6A0D /* LaunchScreen.storyboard */ = {
			isa = PBXVariantGroup;
			children = (
				E928E40C261D85F1006C6A0D /* Base */,
			);
			name = LaunchScreen.storyboard;
			sourceTree = "<group>";
		};
/* End PBXVariantGroup section */

/* Begin XCBuildConfiguration section */
		3AC3CB7E20AE662500D325C2 /* Debug */ = {
			isa = XCBuildConfiguration;
			buildSettings = {
				ALWAYS_SEARCH_USER_PATHS = NO;
				CLANG_ANALYZER_NONNULL = YES;
				CLANG_ANALYZER_NUMBER_OBJECT_CONVERSION = YES_AGGRESSIVE;
				CLANG_CXX_LANGUAGE_STANDARD = "gnu++14";
				CLANG_CXX_LIBRARY = "libc++";
				CLANG_ENABLE_MODULES = YES;
				CLANG_ENABLE_OBJC_ARC = YES;
				CLANG_ENABLE_OBJC_WEAK = YES;
				CLANG_WARN_BLOCK_CAPTURE_AUTORELEASING = YES;
				CLANG_WARN_BOOL_CONVERSION = YES;
				CLANG_WARN_COMMA = YES;
				CLANG_WARN_CONSTANT_CONVERSION = YES;
				CLANG_WARN_DEPRECATED_OBJC_IMPLEMENTATIONS = YES;
				CLANG_WARN_DIRECT_OBJC_ISA_USAGE = YES_ERROR;
				CLANG_WARN_DOCUMENTATION_COMMENTS = YES;
				CLANG_WARN_EMPTY_BODY = YES;
				CLANG_WARN_ENUM_CONVERSION = YES;
				CLANG_WARN_INFINITE_RECURSION = YES;
				CLANG_WARN_INT_CONVERSION = YES;
				CLANG_WARN_NON_LITERAL_NULL_CONVERSION = YES;
				CLANG_WARN_OBJC_IMPLICIT_RETAIN_SELF = YES;
				CLANG_WARN_OBJC_LITERAL_CONVERSION = YES;
				CLANG_WARN_OBJC_ROOT_CLASS = YES_ERROR;
				CLANG_WARN_RANGE_LOOP_ANALYSIS = YES;
				CLANG_WARN_STRICT_PROTOTYPES = YES;
				CLANG_WARN_SUSPICIOUS_MOVE = YES;
				CLANG_WARN_UNGUARDED_AVAILABILITY = YES_AGGRESSIVE;
				CLANG_WARN_UNREACHABLE_CODE = YES;
				CLANG_WARN__DUPLICATE_METHOD_MATCH = YES;
				CODE_SIGN_IDENTITY = "iPhone Developer";
				COPY_PHASE_STRIP = NO;
				DEBUG_INFORMATION_FORMAT = dwarf;
				ENABLE_STRICT_OBJC_MSGSEND = YES;
				ENABLE_TESTABILITY = YES;
				GCC_C_LANGUAGE_STANDARD = gnu11;
				GCC_DYNAMIC_NO_PIC = NO;
				GCC_NO_COMMON_BLOCKS = YES;
				GCC_OPTIMIZATION_LEVEL = 0;
				GCC_PREPROCESSOR_DEFINITIONS = (
					"DEBUG=1",
					"$(inherited)",
				);
				GCC_WARN_64_TO_32_BIT_CONVERSION = YES;
				GCC_WARN_ABOUT_RETURN_TYPE = YES_ERROR;
				GCC_WARN_UNDECLARED_SELECTOR = YES;
				GCC_WARN_UNINITIALIZED_AUTOS = YES_AGGRESSIVE;
				GCC_WARN_UNUSED_FUNCTION = YES;
				GCC_WARN_UNUSED_VARIABLE = YES;
				IPHONEOS_DEPLOYMENT_TARGET = 11.3;
				MTL_ENABLE_DEBUG_INFO = YES;
				ONLY_ACTIVE_ARCH = YES;
				SDKROOT = iphoneos;
			};
			name = Debug;
		};
		3AC3CB7F20AE662500D325C2 /* Release */ = {
			isa = XCBuildConfiguration;
			buildSettings = {
				ALWAYS_SEARCH_USER_PATHS = NO;
				CLANG_ANALYZER_NONNULL = YES;
				CLANG_ANALYZER_NUMBER_OBJECT_CONVERSION = YES_AGGRESSIVE;
				CLANG_CXX_LANGUAGE_STANDARD = "gnu++14";
				CLANG_CXX_LIBRARY = "libc++";
				CLANG_ENABLE_MODULES = YES;
				CLANG_ENABLE_OBJC_ARC = YES;
				CLANG_ENABLE_OBJC_WEAK = YES;
				CLANG_WARN_BLOCK_CAPTURE_AUTORELEASING = YES;
				CLANG_WARN_BOOL_CONVERSION = YES;
				CLANG_WARN_COMMA = YES;
				CLANG_WARN_CONSTANT_CONVERSION = YES;
				CLANG_WARN_DEPRECATED_OBJC_IMPLEMENTATIONS = YES;
				CLANG_WARN_DIRECT_OBJC_ISA_USAGE = YES_ERROR;
				CLANG_WARN_DOCUMENTATION_COMMENTS = YES;
				CLANG_WARN_EMPTY_BODY = YES;
				CLANG_WARN_ENUM_CONVERSION = YES;
				CLANG_WARN_INFINITE_RECURSION = YES;
				CLANG_WARN_INT_CONVERSION = YES;
				CLANG_WARN_NON_LITERAL_NULL_CONVERSION = YES;
				CLANG_WARN_OBJC_IMPLICIT_RETAIN_SELF = YES;
				CLANG_WARN_OBJC_LITERAL_CONVERSION = YES;
				CLANG_WARN_OBJC_ROOT_CLASS = YES_ERROR;
				CLANG_WARN_RANGE_LOOP_ANALYSIS = YES;
				CLANG_WARN_STRICT_PROTOTYPES = YES;
				CLANG_WARN_SUSPICIOUS_MOVE = YES;
				CLANG_WARN_UNGUARDED_AVAILABILITY = YES_AGGRESSIVE;
				CLANG_WARN_UNREACHABLE_CODE = YES;
				CLANG_WARN__DUPLICATE_METHOD_MATCH = YES;
				CODE_SIGN_IDENTITY = "iPhone Developer";
				COPY_PHASE_STRIP = NO;
				DEBUG_INFORMATION_FORMAT = "dwarf-with-dsym";
				ENABLE_NS_ASSERTIONS = NO;
				ENABLE_STRICT_OBJC_MSGSEND = YES;
				GCC_C_LANGUAGE_STANDARD = gnu11;
				GCC_NO_COMMON_BLOCKS = YES;
				GCC_WARN_64_TO_32_BIT_CONVERSION = YES;
				GCC_WARN_ABOUT_RETURN_TYPE = YES_ERROR;
				GCC_WARN_UNDECLARED_SELECTOR = YES;
				GCC_WARN_UNINITIALIZED_AUTOS = YES_AGGRESSIVE;
				GCC_WARN_UNUSED_FUNCTION = YES;
				GCC_WARN_UNUSED_VARIABLE = YES;
				IPHONEOS_DEPLOYMENT_TARGET = 11.3;
				MTL_ENABLE_DEBUG_INFO = NO;
				SDKROOT = iphoneos;
				VALIDATE_PRODUCT = YES;
			};
			name = Release;
		};
		3AC3CB8120AE662500D325C2 /* Debug */ = {
			isa = XCBuildConfiguration;
			buildSettings = {
				ASSETCATALOG_COMPILER_APPICON_NAME = AppIcon;
				CODE_SIGN_STYLE = Automatic;
				DEVELOPMENT_TEAM = DM77C9RG9W;
				INFOPLIST_FILE = KSCircleProgressViewDemo/Info.plist;
				IPHONEOS_DEPLOYMENT_TARGET = 10.3;
				LD_RUNPATH_SEARCH_PATHS = (
					"$(inherited)",
					"@executable_path/Frameworks",
				);
				PRODUCT_BUNDLE_IDENTIFIER = abcos.juliano.KSCircleProgressViewDemo;
				PRODUCT_NAME = "$(TARGET_NAME)";
				TARGETED_DEVICE_FAMILY = "1,2";
			};
			name = Debug;
		};
		3AC3CB8220AE662500D325C2 /* Release */ = {
			isa = XCBuildConfiguration;
			buildSettings = {
				ASSETCATALOG_COMPILER_APPICON_NAME = AppIcon;
				CODE_SIGN_STYLE = Automatic;
				DEVELOPMENT_TEAM = DM77C9RG9W;
				INFOPLIST_FILE = KSCircleProgressViewDemo/Info.plist;
				IPHONEOS_DEPLOYMENT_TARGET = 10.3;
				LD_RUNPATH_SEARCH_PATHS = (
					"$(inherited)",
					"@executable_path/Frameworks",
				);
				PRODUCT_BUNDLE_IDENTIFIER = abcos.juliano.KSCircleProgressViewDemo;
				PRODUCT_NAME = "$(TARGET_NAME)";
				TARGETED_DEVICE_FAMILY = "1,2";
			};
			name = Release;
		};
		3AC3CB8420AE662500D325C2 /* Debug */ = {
			isa = XCBuildConfiguration;
			buildSettings = {
				CODE_SIGN_STYLE = Automatic;
				DEVELOPMENT_TEAM = DM77C9RG9W;
				INFOPLIST_FILE = KSCircleProgressViewDemoUITests/Info.plist;
				LD_RUNPATH_SEARCH_PATHS = (
					"$(inherited)",
					"@executable_path/Frameworks",
					"@loader_path/Frameworks",
				);
				PRODUCT_BUNDLE_IDENTIFIER = abcos.juliano.KSCircleProgressViewDemoUITests;
				PRODUCT_NAME = "$(TARGET_NAME)";
				TARGETED_DEVICE_FAMILY = "1,2";
				TEST_TARGET_NAME = KSCircleProgressViewDemo;
			};
			name = Debug;
		};
		3AC3CB8520AE662500D325C2 /* Release */ = {
			isa = XCBuildConfiguration;
			buildSettings = {
				CODE_SIGN_STYLE = Automatic;
				DEVELOPMENT_TEAM = DM77C9RG9W;
				INFOPLIST_FILE = KSCircleProgressViewDemoUITests/Info.plist;
				LD_RUNPATH_SEARCH_PATHS = (
					"$(inherited)",
					"@executable_path/Frameworks",
					"@loader_path/Frameworks",
				);
				PRODUCT_BUNDLE_IDENTIFIER = abcos.juliano.KSCircleProgressViewDemoUITests;
				PRODUCT_NAME = "$(TARGET_NAME)";
				TARGETED_DEVICE_FAMILY = "1,2";
				TEST_TARGET_NAME = KSCircleProgressViewDemo;
			};
			name = Release;
		};
		E928E381261D39E3006C6A0D /* Debug */ = {
			isa = XCBuildConfiguration;
			buildSettings = {
				CODE_SIGN_STYLE = Automatic;
				IPHONEOS_DEPLOYMENT_TARGET = 13.2;
				MTL_ENABLE_DEBUG_INFO = INCLUDE_SOURCE;
				MTL_FAST_MATH = YES;
				OTHER_LDFLAGS = "-ObjC";
				PRODUCT_NAME = "$(TARGET_NAME)";
				SKIP_INSTALL = YES;
				TARGETED_DEVICE_FAMILY = "1,2";
			};
			name = Debug;
		};
		E928E382261D39E3006C6A0D /* Release */ = {
			isa = XCBuildConfiguration;
			buildSettings = {
				CODE_SIGN_STYLE = Automatic;
				IPHONEOS_DEPLOYMENT_TARGET = 13.2;
				MTL_FAST_MATH = YES;
				OTHER_LDFLAGS = "-ObjC";
				PRODUCT_NAME = "$(TARGET_NAME)";
				SKIP_INSTALL = YES;
				TARGETED_DEVICE_FAMILY = "1,2";
			};
			name = Release;
		};
		E928E3C1261D4474006C6A0D /* Debug */ = {
			isa = XCBuildConfiguration;
			buildSettings = {
				ASSETCATALOG_COMPILER_APPICON_NAME = AppIcon;
				CODE_SIGN_STYLE = Automatic;
				INFOPLIST_FILE = KSCircleProgressViewDemoWithStaticLibrary/Info.plist;
				IPHONEOS_DEPLOYMENT_TARGET = 13.2;
				LD_RUNPATH_SEARCH_PATHS = (
					"$(inherited)",
					"@executable_path/Frameworks",
				);
				LIBRARY_SEARCH_PATHS = (
					"$(inherited)",
					"$(PROJECT_DIR)/KSCircleProgressViewDemoWithStaticLibrary/KSCircleProgressView",
				);
				MTL_ENABLE_DEBUG_INFO = INCLUDE_SOURCE;
				MTL_FAST_MATH = YES;
				PRODUCT_BUNDLE_IDENTIFIER = com.mTa.KSCircleProgressViewDemoWithStaticLibrary;
				PRODUCT_NAME = "$(TARGET_NAME)";
				TARGETED_DEVICE_FAMILY = "1,2";
			};
			name = Debug;
		};
		E928E3C2261D4474006C6A0D /* Release */ = {
			isa = XCBuildConfiguration;
			buildSettings = {
				ASSETCATALOG_COMPILER_APPICON_NAME = AppIcon;
				CODE_SIGN_STYLE = Automatic;
				INFOPLIST_FILE = KSCircleProgressViewDemoWithStaticLibrary/Info.plist;
				IPHONEOS_DEPLOYMENT_TARGET = 13.2;
				LD_RUNPATH_SEARCH_PATHS = (
					"$(inherited)",
					"@executable_path/Frameworks",
				);
				LIBRARY_SEARCH_PATHS = (
					"$(inherited)",
					"$(PROJECT_DIR)/KSCircleProgressViewDemoWithStaticLibrary/KSCircleProgressView",
				);
				MTL_FAST_MATH = YES;
				PRODUCT_BUNDLE_IDENTIFIER = com.mTa.KSCircleProgressViewDemoWithStaticLibrary;
				PRODUCT_NAME = "$(TARGET_NAME)";
				TARGETED_DEVICE_FAMILY = "1,2";
			};
			name = Release;
		};
		E928E3EA261D469A006C6A0D /* Debug */ = {
			isa = XCBuildConfiguration;
			buildSettings = {
				CODE_SIGN_STYLE = Manual;
				CURRENT_PROJECT_VERSION = 1;
				DEFINES_MODULE = YES;
				DEVELOPMENT_TEAM = "";
				DYLIB_COMPATIBILITY_VERSION = 1;
				DYLIB_CURRENT_VERSION = 1;
				DYLIB_INSTALL_NAME_BASE = "@rpath";
				INFOPLIST_FILE = KSCircleProgressViewFramework/Info.plist;
				INSTALL_PATH = "$(LOCAL_LIBRARY_DIR)/Frameworks";
				IPHONEOS_DEPLOYMENT_TARGET = 13.2;
				LD_RUNPATH_SEARCH_PATHS = (
					"$(inherited)",
					"@executable_path/Frameworks",
					"@loader_path/Frameworks",
				);
				MACH_O_TYPE = staticlib;
				MTL_ENABLE_DEBUG_INFO = INCLUDE_SOURCE;
				MTL_FAST_MATH = YES;
				OTHER_LDFLAGS = "-all_load";
				PRODUCT_BUNDLE_IDENTIFIER = com.mTa.KSCircleProgressViewFramework;
				PRODUCT_NAME = "$(TARGET_NAME:c99extidentifier)";
				PROVISIONING_PROFILE_SPECIFIER = "";
				"PROVISIONING_PROFILE_SPECIFIER[sdk=macosx*]" = "";
				SKIP_INSTALL = YES;
				SYMROOT = build;
				TARGETED_DEVICE_FAMILY = "1,2";
				VERSIONING_SYSTEM = "apple-generic";
				VERSION_INFO_PREFIX = "";
			};
			name = Debug;
		};
		E928E3EB261D469A006C6A0D /* Release */ = {
			isa = XCBuildConfiguration;
			buildSettings = {
				CODE_SIGN_STYLE = Manual;
				CURRENT_PROJECT_VERSION = 1;
				DEFINES_MODULE = YES;
				DEVELOPMENT_TEAM = "";
				DYLIB_COMPATIBILITY_VERSION = 1;
				DYLIB_CURRENT_VERSION = 1;
				DYLIB_INSTALL_NAME_BASE = "@rpath";
				INFOPLIST_FILE = KSCircleProgressViewFramework/Info.plist;
				INSTALL_PATH = "$(LOCAL_LIBRARY_DIR)/Frameworks";
				IPHONEOS_DEPLOYMENT_TARGET = 13.2;
				LD_RUNPATH_SEARCH_PATHS = (
					"$(inherited)",
					"@executable_path/Frameworks",
					"@loader_path/Frameworks",
				);
				MACH_O_TYPE = staticlib;
				MTL_FAST_MATH = YES;
				OTHER_LDFLAGS = "-all_load";
				PRODUCT_BUNDLE_IDENTIFIER = com.mTa.KSCircleProgressViewFramework;
				PRODUCT_NAME = "$(TARGET_NAME:c99extidentifier)";
				PROVISIONING_PROFILE_SPECIFIER = "";
				"PROVISIONING_PROFILE_SPECIFIER[sdk=macosx*]" = "";
				SKIP_INSTALL = YES;
				SYMROOT = build;
				TARGETED_DEVICE_FAMILY = "1,2";
				VERSIONING_SYSTEM = "apple-generic";
				VERSION_INFO_PREFIX = "";
			};
			name = Release;
		};
		E928E3F4261D4EA4006C6A0D /* Debug */ = {
			isa = XCBuildConfiguration;
			buildSettings = {
				CODE_SIGN_STYLE = Automatic;
				PRODUCT_NAME = "$(TARGET_NAME)";
			};
			name = Debug;
		};
		E928E3F5261D4EA4006C6A0D /* Release */ = {
			isa = XCBuildConfiguration;
			buildSettings = {
				CODE_SIGN_STYLE = Automatic;
				PRODUCT_NAME = "$(TARGET_NAME)";
			};
			name = Release;
		};
		E928E412261D85F1006C6A0D /* Debug */ = {
			isa = XCBuildConfiguration;
			buildSettings = {
				ASSETCATALOG_COMPILER_APPICON_NAME = AppIcon;
				CODE_SIGN_STYLE = Automatic;
				INFOPLIST_FILE = KSCircleProgressViewDemoWithFramework/Info.plist;
				IPHONEOS_DEPLOYMENT_TARGET = 13.2;
				LD_RUNPATH_SEARCH_PATHS = (
					"$(inherited)",
					"@executable_path/Frameworks",
				);
				MTL_ENABLE_DEBUG_INFO = INCLUDE_SOURCE;
				MTL_FAST_MATH = YES;
				PRODUCT_BUNDLE_IDENTIFIER = com.mTa.KSCircleProgressViewDemoWithFramework;
				PRODUCT_NAME = "$(TARGET_NAME)";
				TARGETED_DEVICE_FAMILY = "1,2";
			};
			name = Debug;
		};
		E928E413261D85F1006C6A0D /* Release */ = {
			isa = XCBuildConfiguration;
			buildSettings = {
				ASSETCATALOG_COMPILER_APPICON_NAME = AppIcon;
				CODE_SIGN_STYLE = Automatic;
				INFOPLIST_FILE = KSCircleProgressViewDemoWithFramework/Info.plist;
				IPHONEOS_DEPLOYMENT_TARGET = 13.2;
				LD_RUNPATH_SEARCH_PATHS = (
					"$(inherited)",
					"@executable_path/Frameworks",
				);
				MTL_FAST_MATH = YES;
				PRODUCT_BUNDLE_IDENTIFIER = com.mTa.KSCircleProgressViewDemoWithFramework;
				PRODUCT_NAME = "$(TARGET_NAME)";
				TARGETED_DEVICE_FAMILY = "1,2";
			};
			name = Release;
		};
/* End XCBuildConfiguration section */

/* Begin XCConfigurationList section */
		3AC3CB5A20AE661600D325C2 /* Build configuration list for PBXProject "KSCircleProgressViewDemo" */ = {
			isa = XCConfigurationList;
			buildConfigurations = (
				3AC3CB7E20AE662500D325C2 /* Debug */,
				3AC3CB7F20AE662500D325C2 /* Release */,
			);
			defaultConfigurationIsVisible = 0;
			defaultConfigurationName = Release;
		};
		3AC3CB8020AE662500D325C2 /* Build configuration list for PBXNativeTarget "KSCircleProgressViewDemo" */ = {
			isa = XCConfigurationList;
			buildConfigurations = (
				3AC3CB8120AE662500D325C2 /* Debug */,
				3AC3CB8220AE662500D325C2 /* Release */,
			);
			defaultConfigurationIsVisible = 0;
			defaultConfigurationName = Release;
		};
		3AC3CB8320AE662500D325C2 /* Build configuration list for PBXNativeTarget "KSCircleProgressViewDemoUITests" */ = {
			isa = XCConfigurationList;
			buildConfigurations = (
				3AC3CB8420AE662500D325C2 /* Debug */,
				3AC3CB8520AE662500D325C2 /* Release */,
			);
			defaultConfigurationIsVisible = 0;
			defaultConfigurationName = Release;
		};
		E928E383261D39E3006C6A0D /* Build configuration list for PBXNativeTarget "KSCircleProgressView" */ = {
			isa = XCConfigurationList;
			buildConfigurations = (
				E928E381261D39E3006C6A0D /* Debug */,
				E928E382261D39E3006C6A0D /* Release */,
			);
			defaultConfigurationIsVisible = 0;
			defaultConfigurationName = Release;
		};
		E928E3C0261D4474006C6A0D /* Build configuration list for PBXNativeTarget "KSCircleProgressViewDemoWithStaticLibrary" */ = {
			isa = XCConfigurationList;
			buildConfigurations = (
				E928E3C1261D4474006C6A0D /* Debug */,
				E928E3C2261D4474006C6A0D /* Release */,
			);
			defaultConfigurationIsVisible = 0;
			defaultConfigurationName = Release;
		};
		E928E3E9261D469A006C6A0D /* Build configuration list for PBXNativeTarget "KSCircleProgressViewFramework" */ = {
			isa = XCConfigurationList;
			buildConfigurations = (
				E928E3EA261D469A006C6A0D /* Debug */,
				E928E3EB261D469A006C6A0D /* Release */,
			);
			defaultConfigurationIsVisible = 0;
			defaultConfigurationName = Release;
		};
		E928E3F3261D4EA4006C6A0D /* Build configuration list for PBXAggregateTarget "KSCircleProgressViewFrameworkXmaker" */ = {
			isa = XCConfigurationList;
			buildConfigurations = (
				E928E3F4261D4EA4006C6A0D /* Debug */,
				E928E3F5261D4EA4006C6A0D /* Release */,
			);
			defaultConfigurationIsVisible = 0;
			defaultConfigurationName = Release;
		};
		E928E411261D85F1006C6A0D /* Build configuration list for PBXNativeTarget "KSCircleProgressViewDemoWithFramework" */ = {
			isa = XCConfigurationList;
			buildConfigurations = (
				E928E412261D85F1006C6A0D /* Debug */,
				E928E413261D85F1006C6A0D /* Release */,
			);
			defaultConfigurationIsVisible = 0;
			defaultConfigurationName = Release;
		};
/* End XCConfigurationList section */
	};
	rootObject = 3AC3CB5720AE661600D325C2 /* Project object */;
}
